
Microsoft Visual Studio Solution File, Format Version 12.00
# Visual Studio 15
VisualStudioVersion = 15.0.26730.12
MinimumVisualStudioVersion = 10.0.40219.1
Project("{8BC9CEB8-8B4A-11D0-8D11-00A0C91BC942}") = "FLEngine", "FLEngine\FLEngine.vcxproj", "{55F0B6EF-582C-432A-BC10-1EBB6B7DB8EF}"
EndProject
Global
	GlobalSection(SolutionConfigurationPlatforms) = preSolution
		Debug|x64 = Debug|x64
		Debug|x86 = Debug|x86
		Release|x64 = Release|x64
		Release|x86 = Release|x86
	EndGlobalSection
	GlobalSection(ProjectConfigurationPlatforms) = postSolution
		{55F0B6EF-582C-432A-BC10-1EBB6B7DB8EF}.Debug|x64.ActiveCfg = Debug|x64
		{55F0B6EF-582C-432A-BC10-1EBB6B7DB8EF}.Debug|x64.Build.0 = Debug|x64
		{55F0B6EF-582C-432A-BC10-1EBB6B7DB8EF}.Debug|x86.ActiveCfg = Debug|Win32
		{55F0B6EF-582C-432A-BC10-1EBB6B7DB8EF}.Debug|x86.Build.0 = Debug|Win32
		{55F0B6EF-582C-432A-BC10-1EBB6B7DB8EF}.Release|x64.ActiveCfg = Release|x64
		{55F0B6EF-582C-432A-BC10-1EBB6B7DB8EF}.Release|x64.Build.0 = Release|x64
		{55F0B6EF-582C-432A-BC10-1EBB6B7DB8EF}.Release|x86.ActiveCfg = Release|Win32
		{55F0B6EF-582C-432A-BC10-1EBB6B7DB8EF}.Release|x86.Build.0 = Release|Win32
	EndGlobalSection
	GlobalSection(SolutionProperties) = preSolution
		HideSolutionNode = FALSE
	EndGlobalSection
	GlobalSection(ExtensibilityGlobals) = postSolution
		SolutionGuid = {32D46496-72BE-473E-ABDA-A53BE23D88D5}
	EndGlobalSection
EndGlobal
