<?xml version="1.0" encoding="utf-8"?>
<Project ToolsVersion="4.0" xmlns="http://schemas.microsoft.com/developer/msbuild/2003">
  <ItemGroup>
    <Filter Include="System">
      <UniqueIdentifier>{6d60989b-402b-47fc-8075-74f22d233e48}</UniqueIdentifier>
    </Filter>
    <Filter Include="GameObject">
      <UniqueIdentifier>{7b51c4f0-d9c4-4d49-8faf-80760c29773d}</UniqueIdentifier>
    </Filter>
    <Filter Include="CoreEngine">
      <UniqueIdentifier>{03d26e6a-c5d4-4fd6-9f6e-185cc9481e54}</UniqueIdentifier>
    </Filter>
    <Filter Include="System\Graphics">
      <UniqueIdentifier>{2fe3110f-59f9-4252-84bf-260c6034d2fd}</UniqueIdentifier>
    </Filter>
    <Filter Include="System\Physics">
      <UniqueIdentifier>{29268015-1e0c-4e7b-b1b7-600c5ab77d99}</UniqueIdentifier>
    </Filter>
    <Filter Include="System\Input">
      <UniqueIdentifier>{eecd7c3f-7144-4028-981a-91e1bec19616}</UniqueIdentifier>
    </Filter>
    <Filter Include="System\Window">
      <UniqueIdentifier>{6903453d-21f3-44f1-808f-fcb6bada1517}</UniqueIdentifier>
    </Filter>
    <Filter Include="Precompiled">
      <UniqueIdentifier>{95d0332b-bf3c-4ff5-af4a-90cbd649f8e9}</UniqueIdentifier>
    </Filter>
    <Filter Include="Scene">
      <UniqueIdentifier>{cae0e75d-276c-49e6-9344-6891f8a9eb44}</UniqueIdentifier>
    </Filter>
  </ItemGroup>
  <ItemGroup>
    <ClCompile Include="ComponentBase.cpp">
      <Filter>GameObject</Filter>
    </ClCompile>
    <ClCompile Include="GameObject.cpp">
      <Filter>GameObject</Filter>
    </ClCompile>
    <ClCompile Include="CoreEngine.cpp">
      <Filter>CoreEngine</Filter>
    </ClCompile>
    <ClCompile Include="Main.cpp">
      <Filter>CoreEngine</Filter>
    </ClCompile>
    <ClCompile Include="GraphicsSystem.cpp">
      <Filter>System\Graphics</Filter>
    </ClCompile>
    <ClCompile Include="InputSystem.cpp">
      <Filter>System\Input</Filter>
    </ClCompile>
    <ClCompile Include="WindowSystem.cpp">
      <Filter>System\Window</Filter>
    </ClCompile>
    <ClCompile Include="Precompiled.cpp">
      <Filter>Precompiled</Filter>
    </ClCompile>
    <ClCompile Include="System.cpp">
      <Filter>Precompiled</Filter>
    </ClCompile>
    <ClCompile Include="Scene.cpp">
      <Filter>Scene</Filter>
    </ClCompile>
    <ClCompile Include="D3DClass.cpp">
      <Filter>System\Graphics</Filter>
    </ClCompile>
  </ItemGroup>
  <ItemGroup>
    <ClInclude Include="GameObject.h">
      <Filter>GameObject</Filter>
    </ClInclude>
    <ClInclude Include="ComponentBase.h">
      <Filter>GameObject</Filter>
    </ClInclude>
    <ClInclude Include="CoreEngine.h">
      <Filter>CoreEngine</Filter>
    </ClInclude>
    <ClInclude Include="GraphicsSystem.h">
      <Filter>System\Graphics</Filter>
    </ClInclude>
    <ClInclude Include="InputSystem.h">
      <Filter>System\Input</Filter>
    </ClInclude>
    <ClInclude Include="WindowSystem.h">
      <Filter>System\Window</Filter>
    </ClInclude>
    <ClInclude Include="Precompiled.h">
      <Filter>Precompiled</Filter>
    </ClInclude>
    <ClInclude Include="System.h">
      <Filter>Precompiled</Filter>
    </ClInclude>
    <ClInclude Include="Scene.h">
      <Filter>Scene</Filter>
    </ClInclude>
    <ClInclude Include="D3DClass.h">
      <Filter>System\Graphics</Filter>
    </ClInclude>
  </ItemGroup>
</Project>